
Microsoft Visual Studio Solution File, Format Version 12.00
# Visual Studio Version 16
VisualStudioVersion = 16.0.30128.74
MinimumVisualStudioVersion = 10.0.40219.1
Project("{9A19103F-16F7-4668-BE54-9A1E7A4F7556}") = "01", "01.csproj", "{302F84E9-8187-48AE-A84E-CAF1F95C6AA9}"
EndProject
Project("{9A19103F-16F7-4668-BE54-9A1E7A4F7556}") = "02. EmojiDetector", "..\02. EmojiDetector\02. EmojiDetector.csproj", "{8ABE01B6-9F6F-4B94-8806-062723328812}"
EndProject
Project("{FAE04EC0-301F-11D3-BF4B-00C04F79EFBC}") = "03. Pirates", "..\03. Pirates\03. Pirates.csproj", "{17CCDB3D-85BD-4019-9A94-73590736ABFC}"
EndProject
Global
	GlobalSection(SolutionConfigurationPlatforms) = preSolution
		Debug|Any CPU = Debug|Any CPU
		Release|Any CPU = Release|Any CPU
	EndGlobalSection
	GlobalSection(ProjectConfigurationPlatforms) = postSolution
		{302F84E9-8187-48AE-A84E-CAF1F95C6AA9}.Debug|Any CPU.ActiveCfg = Debug|Any CPU
		{302F84E9-8187-48AE-A84E-CAF1F95C6AA9}.Debug|Any CPU.Build.0 = Debug|Any CPU
		{302F84E9-8187-48AE-A84E-CAF1F95C6AA9}.Release|Any CPU.ActiveCfg = Release|Any CPU
		{302F84E9-8187-48AE-A84E-CAF1F95C6AA9}.Release|Any CPU.Build.0 = Release|Any CPU
		{8ABE01B6-9F6F-4B94-8806-062723328812}.Debug|Any CPU.ActiveCfg = Debug|Any CPU
		{8ABE01B6-9F6F-4B94-8806-062723328812}.Debug|Any CPU.Build.0 = Debug|Any CPU
		{8ABE01B6-9F6F-4B94-8806-062723328812}.Release|Any CPU.ActiveCfg = Release|Any CPU
		{8ABE01B6-9F6F-4B94-8806-062723328812}.Release|Any CPU.Build.0 = Release|Any CPU
		{17CCDB3D-85BD-4019-9A94-73590736ABFC}.Debug|Any CPU.ActiveCfg = Debug|Any CPU
		{17CCDB3D-85BD-4019-9A94-73590736ABFC}.Debug|Any CPU.Build.0 = Debug|Any CPU
		{17CCDB3D-85BD-4019-9A94-73590736ABFC}.Release|Any CPU.ActiveCfg = Release|Any CPU
		{17CCDB3D-85BD-4019-9A94-73590736ABFC}.Release|Any CPU.Build.0 = Release|Any CPU
	EndGlobalSection
	GlobalSection(SolutionProperties) = preSolution
		HideSolutionNode = FALSE
	EndGlobalSection
	GlobalSection(ExtensibilityGlobals) = postSolution
		SolutionGuid = {03687410-322B-4FC6-9495-BC95D3FEA801}
	EndGlobalSection
EndGlobal
