
Microsoft Visual Studio Solution File, Format Version 12.00
# Visual Studio Version 16
VisualStudioVersion = 16.0.30128.74
MinimumVisualStudioVersion = 10.0.40219.1
Project("{9A19103F-16F7-4668-BE54-9A1E7A4F7556}") = "01. AdvertisementMessage", "01. AdvertisementMessage\01. AdvertisementMessage.csproj", "{5C72F314-DC8A-4212-923F-0377F667FE98}"
EndProject
Project("{9A19103F-16F7-4668-BE54-9A1E7A4F7556}") = "02. Articles", "02. Articles\02. Articles.csproj", "{DC0746D3-D3F9-4995-8883-D716FFCDD1A9}"
EndProject
Project("{9A19103F-16F7-4668-BE54-9A1E7A4F7556}") = "03. Articles 2.0", "03. Articles 2.0\03. Articles 2.0.csproj", "{A4F418D7-318A-4994-9B75-9122097466DC}"
EndProject
Project("{FAE04EC0-301F-11D3-BF4B-00C04F79EFBC}") = "04. Students", "04. Students\04. Students.csproj", "{1B773CEC-6AAA-4CA0-B2FD-C037B7532159}"
EndProject
Project("{FAE04EC0-301F-11D3-BF4B-00C04F79EFBC}") = "05. TeamworkPprojects", "05. TeamworkPprojects\05. TeamworkPprojects.csproj", "{6B01A557-34E6-4AD9-98BA-A2E3FEF9572F}"
EndProject
Global
	GlobalSection(SolutionConfigurationPlatforms) = preSolution
		Debug|Any CPU = Debug|Any CPU
		Release|Any CPU = Release|Any CPU
	EndGlobalSection
	GlobalSection(ProjectConfigurationPlatforms) = postSolution
		{5C72F314-DC8A-4212-923F-0377F667FE98}.Debug|Any CPU.ActiveCfg = Debug|Any CPU
		{5C72F314-DC8A-4212-923F-0377F667FE98}.Debug|Any CPU.Build.0 = Debug|Any CPU
		{5C72F314-DC8A-4212-923F-0377F667FE98}.Release|Any CPU.ActiveCfg = Release|Any CPU
		{5C72F314-DC8A-4212-923F-0377F667FE98}.Release|Any CPU.Build.0 = Release|Any CPU
		{DC0746D3-D3F9-4995-8883-D716FFCDD1A9}.Debug|Any CPU.ActiveCfg = Debug|Any CPU
		{DC0746D3-D3F9-4995-8883-D716FFCDD1A9}.Debug|Any CPU.Build.0 = Debug|Any CPU
		{DC0746D3-D3F9-4995-8883-D716FFCDD1A9}.Release|Any CPU.ActiveCfg = Release|Any CPU
		{DC0746D3-D3F9-4995-8883-D716FFCDD1A9}.Release|Any CPU.Build.0 = Release|Any CPU
		{A4F418D7-318A-4994-9B75-9122097466DC}.Debug|Any CPU.ActiveCfg = Debug|Any CPU
		{A4F418D7-318A-4994-9B75-9122097466DC}.Debug|Any CPU.Build.0 = Debug|Any CPU
		{A4F418D7-318A-4994-9B75-9122097466DC}.Release|Any CPU.ActiveCfg = Release|Any CPU
		{A4F418D7-318A-4994-9B75-9122097466DC}.Release|Any CPU.Build.0 = Release|Any CPU
		{1B773CEC-6AAA-4CA0-B2FD-C037B7532159}.Debug|Any CPU.ActiveCfg = Debug|Any CPU
		{1B773CEC-6AAA-4CA0-B2FD-C037B7532159}.Debug|Any CPU.Build.0 = Debug|Any CPU
		{1B773CEC-6AAA-4CA0-B2FD-C037B7532159}.Release|Any CPU.ActiveCfg = Release|Any CPU
		{1B773CEC-6AAA-4CA0-B2FD-C037B7532159}.Release|Any CPU.Build.0 = Release|Any CPU
		{6B01A557-34E6-4AD9-98BA-A2E3FEF9572F}.Debug|Any CPU.ActiveCfg = Debug|Any CPU
		{6B01A557-34E6-4AD9-98BA-A2E3FEF9572F}.Debug|Any CPU.Build.0 = Debug|Any CPU
		{6B01A557-34E6-4AD9-98BA-A2E3FEF9572F}.Release|Any CPU.ActiveCfg = Release|Any CPU
		{6B01A557-34E6-4AD9-98BA-A2E3FEF9572F}.Release|Any CPU.Build.0 = Release|Any CPU
	EndGlobalSection
	GlobalSection(SolutionProperties) = preSolution
		HideSolutionNode = FALSE
	EndGlobalSection
	GlobalSection(ExtensibilityGlobals) = postSolution
		SolutionGuid = {BDE76DCD-C773-420B-B8D0-7C25E89EBD4F}
	EndGlobalSection
EndGlobal
