
Microsoft Visual Studio Solution File, Format Version 12.00
# Visual Studio Version 16
VisualStudioVersion = 16.0.30128.74
MinimumVisualStudioVersion = 10.0.40219.1
Project("{9A19103F-16F7-4668-BE54-9A1E7A4F7556}") = "01. SmallestOfThreeNumbers", "01. SmallestOfThreeNumbers\01. SmallestOfThreeNumbers.csproj", "{47C5F4B9-EE44-414C-A78A-CACD1ADBFBE9}"
EndProject
Project("{9A19103F-16F7-4668-BE54-9A1E7A4F7556}") = "02. VowelCount", "02. VowelCount\02. VowelCount.csproj", "{1012E675-0420-4DEB-86B1-C76DCAA61AD2}"
EndProject
Project("{9A19103F-16F7-4668-BE54-9A1E7A4F7556}") = "03. Characters in Range", "03. Characters in Range\03. Characters in Range.csproj", "{29F345AE-E008-48A1-9194-CB88C818D996}"
EndProject
Project("{9A19103F-16F7-4668-BE54-9A1E7A4F7556}") = "04. PasswordValidator", "04. PasswordValidator\04. PasswordValidator.csproj", "{0EF2C273-9D08-4563-80DD-CD6E7D6BEAC3}"
EndProject
Project("{FAE04EC0-301F-11D3-BF4B-00C04F79EFBC}") = "05. AddAndSubtract", "05. AddAndSubtract\05. AddAndSubtract.csproj", "{AB5CCFF8-74A2-4A79-AEBE-57030E7B3F1B}"
EndProject
Project("{FAE04EC0-301F-11D3-BF4B-00C04F79EFBC}") = "06. MiddleCharacters", "06. MiddleCharacters\06. MiddleCharacters.csproj", "{6D91459D-3FFB-4759-A1E4-BCD5DCF2B0C5}"
EndProject
Project("{FAE04EC0-301F-11D3-BF4B-00C04F79EFBC}") = "07. NxNMatrix", "07. NxNMatrix\07. NxNMatrix.csproj", "{600A0070-2A90-468C-8B10-541AB038A40F}"
EndProject
Project("{FAE04EC0-301F-11D3-BF4B-00C04F79EFBC}") = "08. FactorialDivision", "08. FactorialDivision\08. FactorialDivision.csproj", "{F01A19B5-4F85-40DC-8C88-977E38B689D3}"
EndProject
Project("{FAE04EC0-301F-11D3-BF4B-00C04F79EFBC}") = "09. PalindromeIntegers", "09. PalindromeIntegers\09. PalindromeIntegers.csproj", "{03C1D789-9FCD-4245-BF39-56C7F14B40CF}"
EndProject
Project("{FAE04EC0-301F-11D3-BF4B-00C04F79EFBC}") = "10. TopNumber", "10. TopNumber\10. TopNumber.csproj", "{A5C2C03C-D57A-4235-BD0C-DE84E7831CAD}"
EndProject
Global
	GlobalSection(SolutionConfigurationPlatforms) = preSolution
		Debug|Any CPU = Debug|Any CPU
		Release|Any CPU = Release|Any CPU
	EndGlobalSection
	GlobalSection(ProjectConfigurationPlatforms) = postSolution
		{47C5F4B9-EE44-414C-A78A-CACD1ADBFBE9}.Debug|Any CPU.ActiveCfg = Debug|Any CPU
		{47C5F4B9-EE44-414C-A78A-CACD1ADBFBE9}.Debug|Any CPU.Build.0 = Debug|Any CPU
		{47C5F4B9-EE44-414C-A78A-CACD1ADBFBE9}.Release|Any CPU.ActiveCfg = Release|Any CPU
		{47C5F4B9-EE44-414C-A78A-CACD1ADBFBE9}.Release|Any CPU.Build.0 = Release|Any CPU
		{1012E675-0420-4DEB-86B1-C76DCAA61AD2}.Debug|Any CPU.ActiveCfg = Debug|Any CPU
		{1012E675-0420-4DEB-86B1-C76DCAA61AD2}.Debug|Any CPU.Build.0 = Debug|Any CPU
		{1012E675-0420-4DEB-86B1-C76DCAA61AD2}.Release|Any CPU.ActiveCfg = Release|Any CPU
		{1012E675-0420-4DEB-86B1-C76DCAA61AD2}.Release|Any CPU.Build.0 = Release|Any CPU
		{29F345AE-E008-48A1-9194-CB88C818D996}.Debug|Any CPU.ActiveCfg = Debug|Any CPU
		{29F345AE-E008-48A1-9194-CB88C818D996}.Debug|Any CPU.Build.0 = Debug|Any CPU
		{29F345AE-E008-48A1-9194-CB88C818D996}.Release|Any CPU.ActiveCfg = Release|Any CPU
		{29F345AE-E008-48A1-9194-CB88C818D996}.Release|Any CPU.Build.0 = Release|Any CPU
		{0EF2C273-9D08-4563-80DD-CD6E7D6BEAC3}.Debug|Any CPU.ActiveCfg = Debug|Any CPU
		{0EF2C273-9D08-4563-80DD-CD6E7D6BEAC3}.Debug|Any CPU.Build.0 = Debug|Any CPU
		{0EF2C273-9D08-4563-80DD-CD6E7D6BEAC3}.Release|Any CPU.ActiveCfg = Release|Any CPU
		{0EF2C273-9D08-4563-80DD-CD6E7D6BEAC3}.Release|Any CPU.Build.0 = Release|Any CPU
		{AB5CCFF8-74A2-4A79-AEBE-57030E7B3F1B}.Debug|Any CPU.ActiveCfg = Debug|Any CPU
		{AB5CCFF8-74A2-4A79-AEBE-57030E7B3F1B}.Debug|Any CPU.Build.0 = Debug|Any CPU
		{AB5CCFF8-74A2-4A79-AEBE-57030E7B3F1B}.Release|Any CPU.ActiveCfg = Release|Any CPU
		{AB5CCFF8-74A2-4A79-AEBE-57030E7B3F1B}.Release|Any CPU.Build.0 = Release|Any CPU
		{6D91459D-3FFB-4759-A1E4-BCD5DCF2B0C5}.Debug|Any CPU.ActiveCfg = Debug|Any CPU
		{6D91459D-3FFB-4759-A1E4-BCD5DCF2B0C5}.Debug|Any CPU.Build.0 = Debug|Any CPU
		{6D91459D-3FFB-4759-A1E4-BCD5DCF2B0C5}.Release|Any CPU.ActiveCfg = Release|Any CPU
		{6D91459D-3FFB-4759-A1E4-BCD5DCF2B0C5}.Release|Any CPU.Build.0 = Release|Any CPU
		{600A0070-2A90-468C-8B10-541AB038A40F}.Debug|Any CPU.ActiveCfg = Debug|Any CPU
		{600A0070-2A90-468C-8B10-541AB038A40F}.Debug|Any CPU.Build.0 = Debug|Any CPU
		{600A0070-2A90-468C-8B10-541AB038A40F}.Release|Any CPU.ActiveCfg = Release|Any CPU
		{600A0070-2A90-468C-8B10-541AB038A40F}.Release|Any CPU.Build.0 = Release|Any CPU
		{F01A19B5-4F85-40DC-8C88-977E38B689D3}.Debug|Any CPU.ActiveCfg = Debug|Any CPU
		{F01A19B5-4F85-40DC-8C88-977E38B689D3}.Debug|Any CPU.Build.0 = Debug|Any CPU
		{F01A19B5-4F85-40DC-8C88-977E38B689D3}.Release|Any CPU.ActiveCfg = Release|Any CPU
		{F01A19B5-4F85-40DC-8C88-977E38B689D3}.Release|Any CPU.Build.0 = Release|Any CPU
		{03C1D789-9FCD-4245-BF39-56C7F14B40CF}.Debug|Any CPU.ActiveCfg = Debug|Any CPU
		{03C1D789-9FCD-4245-BF39-56C7F14B40CF}.Debug|Any CPU.Build.0 = Debug|Any CPU
		{03C1D789-9FCD-4245-BF39-56C7F14B40CF}.Release|Any CPU.ActiveCfg = Release|Any CPU
		{03C1D789-9FCD-4245-BF39-56C7F14B40CF}.Release|Any CPU.Build.0 = Release|Any CPU
		{A5C2C03C-D57A-4235-BD0C-DE84E7831CAD}.Debug|Any CPU.ActiveCfg = Debug|Any CPU
		{A5C2C03C-D57A-4235-BD0C-DE84E7831CAD}.Debug|Any CPU.Build.0 = Debug|Any CPU
		{A5C2C03C-D57A-4235-BD0C-DE84E7831CAD}.Release|Any CPU.ActiveCfg = Release|Any CPU
		{A5C2C03C-D57A-4235-BD0C-DE84E7831CAD}.Release|Any CPU.Build.0 = Release|Any CPU
	EndGlobalSection
	GlobalSection(SolutionProperties) = preSolution
		HideSolutionNode = FALSE
	EndGlobalSection
	GlobalSection(ExtensibilityGlobals) = postSolution
		SolutionGuid = {F6552C5F-BD5A-4616-8E3F-E6694BC07459}
	EndGlobalSection
EndGlobal
