
Microsoft Visual Studio Solution File, Format Version 12.00
# Visual Studio Version 16
VisualStudioVersion = 16.0.30406.217
MinimumVisualStudioVersion = 10.0.40219.1
Project("{FAE04EC0-301F-11D3-BF4B-00C04F79EFBC}") = "01. TheImitationGame", "01. TheImitationGame\01. TheImitationGame.csproj", "{ABE05C93-FE35-44F8-A3F1-7E0CE564497B}"
EndProject
Project("{FAE04EC0-301F-11D3-BF4B-00C04F79EFBC}") = "02. AddAstra", "02. AddAstra\02. AddAstra.csproj", "{F825C929-D4A2-4A01-B725-28090C753434}"
EndProject
Global
	GlobalSection(SolutionConfigurationPlatforms) = preSolution
		Debug|Any CPU = Debug|Any CPU
		Release|Any CPU = Release|Any CPU
	EndGlobalSection
	GlobalSection(ProjectConfigurationPlatforms) = postSolution
		{ABE05C93-FE35-44F8-A3F1-7E0CE564497B}.Debug|Any CPU.ActiveCfg = Debug|Any CPU
		{ABE05C93-FE35-44F8-A3F1-7E0CE564497B}.Debug|Any CPU.Build.0 = Debug|Any CPU
		{ABE05C93-FE35-44F8-A3F1-7E0CE564497B}.Release|Any CPU.ActiveCfg = Release|Any CPU
		{ABE05C93-FE35-44F8-A3F1-7E0CE564497B}.Release|Any CPU.Build.0 = Release|Any CPU
		{F825C929-D4A2-4A01-B725-28090C753434}.Debug|Any CPU.ActiveCfg = Debug|Any CPU
		{F825C929-D4A2-4A01-B725-28090C753434}.Debug|Any CPU.Build.0 = Debug|Any CPU
		{F825C929-D4A2-4A01-B725-28090C753434}.Release|Any CPU.ActiveCfg = Release|Any CPU
		{F825C929-D4A2-4A01-B725-28090C753434}.Release|Any CPU.Build.0 = Release|Any CPU
	EndGlobalSection
	GlobalSection(SolutionProperties) = preSolution
		HideSolutionNode = FALSE
	EndGlobalSection
	GlobalSection(ExtensibilityGlobals) = postSolution
		SolutionGuid = {65C04CA3-4D58-4BFB-BC5F-D69BD58F3853}
	EndGlobalSection
EndGlobal
